
Microsoft Visual Studio Solution File, Format Version 12.00
# Visual Studio Version 17
VisualStudioVersion = 17.7.34221.43
MinimumVisualStudioVersion = 10.0.40219.1
Project("{FAE04EC0-301F-11D3-BF4B-00C04F79EFBC}") = "WebApplication1", "WebApplication1\WebApplication1.csproj", "{55AA7F91-0656-4A22-8D8B-ADC5E559A109}"
EndProject
Global
	GlobalSection(SolutionConfigurationPlatforms) = preSolution
		Debug|Any CPU = Debug|Any CPU
		Release|Any CPU = Release|Any CPU
	EndGlobalSection
	GlobalSection(ProjectConfigurationPlatforms) = postSolution
		{55AA7F91-0656-4A22-8D8B-ADC5E559A109}.Debug|Any CPU.ActiveCfg = Debug|Any CPU
		{55AA7F91-0656-4A22-8D8B-ADC5E559A109}.Debug|Any CPU.Build.0 = Debug|Any CPU
		{55AA7F91-0656-4A22-8D8B-ADC5E559A109}.Release|Any CPU.ActiveCfg = Release|Any CPU
		{55AA7F91-0656-4A22-8D8B-ADC5E559A109}.Release|Any CPU.Build.0 = Release|Any CPU
	EndGlobalSection
	GlobalSection(SolutionProperties) = preSolution
		HideSolutionNode = FALSE
	EndGlobalSection
	GlobalSection(ExtensibilityGlobals) = postSolution
		SolutionGuid = {D45532E6-CC85-4511-9ECC-6D1B9FF98CE2}
	EndGlobalSection
EndGlobal
